Microsoft Visual Studio Solution File, Format Version 12.00
# Visual Studio Version 17
VisualStudioVersion = 17.9.34607.119
MinimumVisualStudioVersion = 10.0.40219.1
Project("{9A19103F-16F7-4668-BE54-9A1E7A4F7556}") = "NathansCRUDWebsite", "NathansCRUDWebsite\NathansCRUDWebsite.csproj", "{54B6B35E-9A32-4099-AA5E-19066F929D39}"
EndProject
Global
	GlobalSection(SolutionConfigurationPlatforms) = preSolution
		Debug|Any CPU = Debug|Any CPU
		Release|Any CPU = Release|Any CPU
	EndGlobalSection
	GlobalSection(ProjectConfigurationPlatforms) = postSolution
		{54B6B35E-9A32-4099-AA5E-19066F929D39}.Debug|Any CPU.ActiveCfg = Debug|Any CPU
		{54B6B35E-9A32-4099-AA5E-19066F929D39}.Debug|Any CPU.Build.0 = Debug|Any CPU
		{54B6B35E-9A32-4099-AA5E-19066F929D39}.Release|Any CPU.ActiveCfg = Release|Any CPU
		{54B6B35E-9A32-4099-AA5E-19066F929D39}.Release|Any CPU.Build.0 = Release|Any CPU
	EndGlobalSection
	GlobalSection(SolutionProperties) = preSolution
		HideSolutionNode = FALSE
	EndGlobalSection
	GlobalSection(ExtensibilityGlobals) = postSolution
		SolutionGuid = {FF5AA0CD-7D6D-4B05-8C6B-42A1DA44668B}
	EndGlobalSection
EndGlobal
